
Microsoft Visual Studio Solution File, Format Version 12.00
# Visual Studio 15
VisualStudioVersion = 15.0.28307.271
MinimumVisualStudioVersion = 10.0.40219.1
Project("{FAE04EC0-301F-11D3-BF4B-00C04F79EFBC}") = "FileSearching", "FileSearching\FileSearching.csproj", "{39FED898-6A4E-4EAE-BCD6-44CFAC6FA377}"
EndProject
Global
	GlobalSection(SolutionConfigurationPlatforms) = preSolution
		Debug|Any CPU = Debug|Any CPU
		Release|Any CPU = Release|Any CPU
	EndGlobalSection
	GlobalSection(ProjectConfigurationPlatforms) = postSolution
		{39FED898-6A4E-4EAE-BCD6-44CFAC6FA377}.Debug|Any CPU.ActiveCfg = Debug|Any CPU
		{39FED898-6A4E-4EAE-BCD6-44CFAC6FA377}.Debug|Any CPU.Build.0 = Debug|Any CPU
		{39FED898-6A4E-4EAE-BCD6-44CFAC6FA377}.Release|Any CPU.ActiveCfg = Release|Any CPU
		{39FED898-6A4E-4EAE-BCD6-44CFAC6FA377}.Release|Any CPU.Build.0 = Release|Any CPU
	EndGlobalSection
	GlobalSection(SolutionProperties) = preSolution
		HideSolutionNode = FALSE
	EndGlobalSection
	GlobalSection(ExtensibilityGlobals) = postSolution
		SolutionGuid = {7B02A499-C007-4582-B8D5-FD2134A411B1}
	EndGlobalSection
EndGlobal
